// !$*UTF8*$!
{
	archiveVersion = 1;
	classes = {
	};
	objectVersion = 46;
	objects = {

/* Begin PBXBuildFile section */
		CEAC7752171C381E00392421 /* UIKit.framework in Frameworks */ = {isa = PBXBuildFile; fileRef = CEAC7751171C381E00392421 /* UIKit.framework */; };
		CEAC7754171C381E00392421 /* Foundation.framework in Frameworks */ = {isa = PBXBuildFile; fileRef = CEAC7753171C381E00392421 /* Foundation.framework */; };
		CEAC7756171C381E00392421 /* CoreGraphics.framework in Frameworks */ = {isa = PBXBuildFile; fileRef = CEAC7755171C381E00392421 /* CoreGraphics.framework */; };
		CEAC775C171C381E00392421 /* InfoPlist.strings in Resources */ = {isa = PBXBuildFile; fileRef = CEAC775A171C381E00392421 /* InfoPlist.strings */; };
		CEAC775E171C381E00392421 /* main.m in Sources */ = {isa = PBXBuildFile; fileRef = CEAC775D171C381E00392421 /* main.m */; };
		CEAC7762171C381E00392421 /* AppDelegate.m in Sources */ = {isa = PBXBuildFile; fileRef = CEAC7761171C381E00392421 /* AppDelegate.m */; };
		CEAC7764171C381E00392421 /* Default.png in Resources */ = {isa = PBXBuildFile; fileRef = CEAC7763171C381E00392421 /* Default.png */; };
		CEAC7766171C381E00392421 /* Default@2x.png in Resources */ = {isa = PBXBuildFile; fileRef = CEAC7765171C381E00392421 /* Default@2x.png */; };
		CEAC7768171C381E00392421 /* Default-568h@2x.png in Resources */ = {isa = PBXBuildFile; fileRef = CEAC7767171C381E00392421 /* Default-568h@2x.png */; };
		CEAC776B171C381E00392421 /* ViewController.m in Sources */ = {isa = PBXBuildFile; fileRef = CEAC776A171C381E00392421 /* ViewController.m */; };
		CEAC7779171C38CA00392421 /* SectionItemBaseEntity.m in Sources */ = {isa = PBXBuildFile; fileRef = CEAC7776171C38CA00392421 /* SectionItemBaseEntity.m */; };
		CEAC777A171C38CA00392421 /* SectionListBaseEntity.m in Sources */ = {isa = PBXBuildFile; fileRef = CEAC7778171C38CA00392421 /* SectionListBaseEntity.m */; };
		CEAC777F171C399200392421 /* pinyin.c in Sources */ = {isa = PBXBuildFile; fileRef = CEAC777D171C399200392421 /* pinyin.c */; };
		CEAC7784171C3A2000392421 /* ContactEntity.m in Sources */ = {isa = PBXBuildFile; fileRef = CEAC7781171C3A2000392421 /* ContactEntity.m */; };
		CEAC7785171C3A2000392421 /* ContacListEntity.m in Sources */ = {isa = PBXBuildFile; fileRef = CEAC7783171C3A2000392421 /* ContacListEntity.m */; };
/* End PBXBuildFile section */

/* Begin PBXFileReference section */
		CEAC774D171C381E00392421 /* ContactListSortDemo.app */ = {isa = PBXFileReference; explicitFileType = wrapper.application; includeInIndex = 0; path = ContactListSortDemo.app; sourceTree = BUILT_PRODUCTS_DIR; };
		CEAC7751171C381E00392421 /* UIKit.framework */ = {isa = PBXFileReference; lastKnownFileType = wrapper.framework; name = UIKit.framework; path = System/Library/Frameworks/UIKit.framework; sourceTree = SDKROOT; };
		CEAC7753171C381E00392421 /* Foundation.framework */ = {isa = PBXFileReference; lastKnownFileType = wrapper.framework; name = Foundation.framework; path = System/Library/Frameworks/Foundation.framework; sourceTree = SDKROOT; };
		CEAC7755171C381E00392421 /* CoreGraphics.framework */ = {isa = PBXFileReference; lastKnownFileType = wrapper.framework; name = CoreGraphics.framework; path = System/Library/Frameworks/CoreGraphics.framework; sourceTree = SDKROOT; };
		CEAC7759171C381E00392421 /* ContactListSortDemo-Info.plist */ = {isa = PBXFileReference; lastKnownFileType = text.plist.xml; path = "ContactListSortDemo-Info.plist"; sourceTree = "<group>"; };
		CEAC775B171C381E00392421 /* en */ = {isa = PBXFileReference; lastKnownFileType = text.plist.strings; name = en; path = en.lproj/InfoPlist.strings; sourceTree = "<group>"; };
		CEAC775D171C381E00392421 /* main.m */ = {isa = PBXFileReference; lastKnownFileType = sourcecode.c.objc; path = main.m; sourceTree = "<group>"; };
		CEAC775F171C381E00392421 /* ContactListSortDemo-Prefix.pch */ = {isa = PBXFileReference; lastKnownFileType = sourcecode.c.h; path = "ContactListSortDemo-Prefix.pch"; sourceTree = "<group>"; };
		CEAC7760171C381E00392421 /* AppDelegate.h */ = {isa = PBXFileReference; lastKnownFileType = sourcecode.c.h; path = AppDelegate.h; sourceTree = "<group>"; };
		CEAC7761171C381E00392421 /* AppDelegate.m */ = {isa = PBXFileReference; lastKnownFileType = sourcecode.c.objc; path = AppDelegate.m; sourceTree = "<group>"; };
		CEAC7763171C381E00392421 /* Default.png */ = {isa = PBXFileReference; lastKnownFileType = image.png; path = Default.png; sourceTree = "<group>"; };
		CEAC7765171C381E00392421 /* Default@2x.png */ = {isa = PBXFileReference; lastKnownFileType = image.png; path = "Default@2x.png"; sourceTree = "<group>"; };
		CEAC7767171C381E00392421 /* Default-568h@2x.png */ = {isa = PBXFileReference; lastKnownFileType = image.png; path = "Default-568h@2x.png"; sourceTree = "<group>"; };
		CEAC7769171C381E00392421 /* ViewController.h */ = {isa = PBXFileReference; lastKnownFileType = sourcecode.c.h; path = ViewController.h; sourceTree = "<group>"; };
		CEAC776A171C381E00392421 /* ViewController.m */ = {isa = PBXFileReference; lastKnownFileType = sourcecode.c.objc; path = ViewController.m; sourceTree = "<group>"; };
		CEAC7775171C38CA00392421 /* SectionItemBaseEntity.h */ = {isa = PBXFileReference; fileEncoding = 4; lastKnownFileType = sourcecode.c.h; path = SectionItemBaseEntity.h; sourceTree = "<group>"; };
		CEAC7776171C38CA00392421 /* SectionItemBaseEntity.m */ = {isa = PBXFileReference; fileEncoding = 4; lastKnownFileType = sourcecode.c.objc; path = SectionItemBaseEntity.m; sourceTree = "<group>"; };
		CEAC7777171C38CA00392421 /* SectionListBaseEntity.h */ = {isa = PBXFileReference; fileEncoding = 4; lastKnownFileType = sourcecode.c.h; path = SectionListBaseEntity.h; sourceTree = "<group>"; };
		CEAC7778171C38CA00392421 /* SectionListBaseEntity.m */ = {isa = PBXFileReference; fileEncoding = 4; lastKnownFileType = sourcecode.c.objc; path = SectionListBaseEntity.m; sourceTree = "<group>"; };
		CEAC777D171C399200392421 /* pinyin.c */ = {isa = PBXFileReference; fileEncoding = 4; lastKnownFileType = sourcecode.c.c; path = pinyin.c; sourceTree = "<group>"; };
		CEAC777E171C399200392421 /* pinyin.h */ = {isa = PBXFileReference; fileEncoding = 4; lastKnownFileType = sourcecode.c.h; path = pinyin.h; sourceTree = "<group>"; };
		CEAC7780171C3A2000392421 /* ContactEntity.h */ = {isa = PBXFileReference; fileEncoding = 4; lastKnownFileType = sourcecode.c.h; path = ContactEntity.h; sourceTree = "<group>"; };
		CEAC7781171C3A2000392421 /* ContactEntity.m */ = {isa = PBXFileReference; fileEncoding = 4; lastKnownFileType = sourcecode.c.objc; path = ContactEntity.m; sourceTree = "<group>"; };
		CEAC7782171C3A2000392421 /* ContacListEntity.h */ = {isa = PBXFileReference; fileEncoding = 4; lastKnownFileType = sourcecode.c.h; path = ContacListEntity.h; sourceTree = "<group>"; };
		CEAC7783171C3A2000392421 /* ContacListEntity.m */ = {isa = PBXFileReference; fileEncoding = 4; lastKnownFileType = sourcecode.c.objc; path = ContacListEntity.m; sourceTree = "<group>"; };
/* End PBXFileReference section */

/* Begin PBXFrameworksBuildPhase section */
		CEAC774A171C381E00392421 /* Frameworks */ = {
			isa = PBXFrameworksBuildPhase;
			buildActionMask = 2147483647;
			files = (
				CEAC7752171C381E00392421 /* UIKit.framework in Frameworks */,
				CEAC7754171C381E00392421 /* Foundation.framework in Frameworks */,
				CEAC7756171C381E00392421 /* CoreGraphics.framework in Frameworks */,
			);
			runOnlyForDeploymentPostprocessing = 0;
		};
/* End PBXFrameworksBuildPhase section */

/* Begin PBXGroup section */
		CEAC7742171C381E00392421 = {
			isa = PBXGroup;
			children = (
				CEAC7757171C381E00392421 /* ContactListDemo */,
				CEAC7750171C381E00392421 /* Frameworks */,
				CEAC774E171C381E00392421 /* Products */,
			);
			sourceTree = "<group>";
		};
		CEAC774E171C381E00392421 /* Products */ = {
			isa = PBXGroup;
			children = (
				CEAC774D171C381E00392421 /* ContactListSortDemo.app */,
			);
			name = Products;
			sourceTree = "<group>";
		};
		CEAC7750171C381E00392421 /* Frameworks */ = {
			isa = PBXGroup;
			children = (
				CEAC7751171C381E00392421 /* UIKit.framework */,
				CEAC7753171C381E00392421 /* Foundation.framework */,
				CEAC7755171C381E00392421 /* CoreGraphics.framework */,
			);
			name = Frameworks;
			sourceTree = "<group>";
		};
		CEAC7757171C381E00392421 /* ContactListDemo */ = {
			isa = PBXGroup;
			children = (
				CEAC777B171C399200392421 /* 3rdParty */,
				CEAC7774171C38CA00392421 /* SectionBaseClass */,
				CEAC7760171C381E00392421 /* AppDelegate.h */,
				CEAC7761171C381E00392421 /* AppDelegate.m */,
				CEAC7769171C381E00392421 /* ViewController.h */,
				CEAC776A171C381E00392421 /* ViewController.m */,
				CEAC7758171C381E00392421 /* Supporting Files */,
			);
			path = ContactListDemo;
			sourceTree = "<group>";
		};
		CEAC7758171C381E00392421 /* Supporting Files */ = {
			isa = PBXGroup;
			children = (
				CEAC7759171C381E00392421 /* ContactListSortDemo-Info.plist */,
				CEAC775A171C381E00392421 /* InfoPlist.strings */,
				CEAC775D171C381E00392421 /* main.m */,
				CEAC775F171C381E00392421 /* ContactListSortDemo-Prefix.pch */,
				CEAC7763171C381E00392421 /* Default.png */,
				CEAC7765171C381E00392421 /* Default@2x.png */,
				CEAC7767171C381E00392421 /* Default-568h@2x.png */,
			);
			name = "Supporting Files";
			sourceTree = "<group>";
		};
		CEAC7774171C38CA00392421 /* SectionBaseClass */ = {
			isa = PBXGroup;
			children = (
				CEAC7780171C3A2000392421 /* ContactEntity.h */,
				CEAC7781171C3A2000392421 /* ContactEntity.m */,
				CEAC7782171C3A2000392421 /* ContacListEntity.h */,
				CEAC7783171C3A2000392421 /* ContacListEntity.m */,
				CEAC7775171C38CA00392421 /* SectionItemBaseEntity.h */,
				CEAC7776171C38CA00392421 /* SectionItemBaseEntity.m */,
				CEAC7777171C38CA00392421 /* SectionListBaseEntity.h */,
				CEAC7778171C38CA00392421 /* SectionListBaseEntity.m */,
			);
			path = SectionBaseClass;
			sourceTree = SOURCE_ROOT;
		};
		CEAC777B171C399200392421 /* 3rdParty */ = {
			isa = PBXGroup;
			children = (
				CEAC777C171C399200392421 /* Pinyin */,
			);
			path = 3rdParty;
			sourceTree = SOURCE_ROOT;
		};
		CEAC777C171C399200392421 /* Pinyin */ = {
			isa = PBXGroup;
			children = (
				CEAC777D171C399200392421 /* pinyin.c */,
				CEAC777E171C399200392421 /* pinyin.h */,
			);
			path = Pinyin;
			sourceTree = "<group>";
		};
/* End PBXGroup section */

/* Begin PBXNativeTarget section */
		CEAC774C171C381E00392421 /* ContactListSortDemo */ = {
			isa = PBXNativeTarget;
			buildConfigurationList = CEAC7771171C381F00392421 /* Build configuration list for PBXNativeTarget "ContactListSortDemo" */;
			buildPhases = (
				CEAC7749171C381E00392421 /* Sources */,
				CEAC774A171C381E00392421 /* Frameworks */,
				CEAC774B171C381E00392421 /* Resources */,
			);
			buildRules = (
			);
			dependencies = (
			);
			name = ContactListSortDemo;
			productName = ContactListDemo;
			productReference = CEAC774D171C381E00392421 /* ContactListSortDemo.app */;
			productType = "com.apple.product-type.application";
		};
/* End PBXNativeTarget section */

/* Begin PBXProject section */
		CEAC7744171C381E00392421 /* Project object */ = {
			isa = PBXProject;
			attributes = {
				LastUpgradeCheck = 0450;
				ORGANIZATIONNAME = "Lee jimney";
			};
			buildConfigurationList = CEAC7747171C381E00392421 /* Build configuration list for PBXProject "ContactListSortDemo" */;
			compatibilityVersion = "Xcode 3.2";
			developmentRegion = English;
			hasScannedForEncodings = 0;
			knownRegions = (
				en,
			);
			mainGroup = CEAC7742171C381E00392421;
			productRefGroup = CEAC774E171C381E00392421 /* Products */;
			projectDirPath = "";
			projectRoot = "";
			targets = (
				CEAC774C171C381E00392421 /* ContactListSortDemo */,
			);
		};
/* End PBXProject section */

/* Begin PBXResourcesBuildPhase section */
		CEAC774B171C381E00392421 /* Resources */ = {
			isa = PBXResourcesBuildPhase;
			buildActionMask = 2147483647;
			files = (
				CEAC775C171C381E00392421 /* InfoPlist.strings in Resources */,
				CEAC7764171C381E00392421 /* Default.png in Resources */,
				CEAC7766171C381E00392421 /* Default@2x.png in Resources */,
				CEAC7768171C381E00392421 /* Default-568h@2x.png in Resources */,
			);
			runOnlyForDeploymentPostprocessing = 0;
		};
/* End PBXResourcesBuildPhase section */

/* Begin PBXSourcesBuildPhase section */
		CEAC7749171C381E00392421 /* Sources */ = {
			isa = PBXSourcesBuildPhase;
			buildActionMask = 2147483647;
			files = (
				CEAC775E171C381E00392421 /* main.m in Sources */,
				CEAC7762171C381E00392421 /* AppDelegate.m in Sources */,
				CEAC776B171C381E00392421 /* ViewController.m in Sources */,
				CEAC7779171C38CA00392421 /* SectionItemBaseEntity.m in Sources */,
				CEAC777A171C38CA00392421 /* SectionListBaseEntity.m in Sources */,
				CEAC777F171C399200392421 /* pinyin.c in Sources */,
				CEAC7784171C3A2000392421 /* ContactEntity.m in Sources */,
				CEAC7785171C3A2000392421 /* ContacListEntity.m in Sources */,
			);
			runOnlyForDeploymentPostprocessing = 0;
		};
/* End PBXSourcesBuildPhase section */

/* Begin PBXVariantGroup section */
		CEAC775A171C381E00392421 /* InfoPlist.strings */ = {
			isa = PBXVariantGroup;
			children = (
				CEAC775B171C381E00392421 /* en */,
			);
			name = InfoPlist.strings;
			sourceTree = "<group>";
		};
/* End PBXVariantGroup section */

/* Begin XCBuildConfiguration section */
		CEAC776F171C381F00392421 /* Debug */ = {
			isa = XCBuildConfiguration;
			buildSettings = {
				ALWAYS_SEARCH_USER_PATHS = NO;
				CLANG_CXX_LANGUAGE_STANDARD = "gnu++0x";
				CLANG_CXX_LIBRARY = "libc++";
				CLANG_WARN_EMPTY_BODY = YES;
				CLANG_WARN__DUPLICATE_METHOD_MATCH = YES;
				"CODE_SIGN_IDENTITY[sdk=iphoneos*]" = "iPhone Developer";
				COPY_PHASE_STRIP = NO;
				GCC_C_LANGUAGE_STANDARD = gnu99;
				GCC_DYNAMIC_NO_PIC = NO;
				GCC_OPTIMIZATION_LEVEL = 0;
				GCC_PREPROCESSOR_DEFINITIONS = (
					"DEBUG=1",
					"$(inherited)",
				);
				GCC_SYMBOLS_PRIVATE_EXTERN = NO;
				GCC_WARN_ABOUT_RETURN_TYPE = YES;
				GCC_WARN_UNINITIALIZED_AUTOS = YES;
				GCC_WARN_UNUSED_VARIABLE = YES;
				IPHONEOS_DEPLOYMENT_TARGET = 6.0;
				ONLY_ACTIVE_ARCH = YES;
				SDKROOT = iphoneos;
			};
			name = Debug;
		};
		CEAC7770171C381F00392421 /* Release */ = {
			isa = XCBuildConfiguration;
			buildSettings = {
				ALWAYS_SEARCH_USER_PATHS = NO;
				CLANG_CXX_LANGUAGE_STANDARD = "gnu++0x";
				CLANG_CXX_LIBRARY = "libc++";
				CLANG_WARN_EMPTY_BODY = YES;
				CLANG_WARN__DUPLICATE_METHOD_MATCH = YES;
				"CODE_SIGN_IDENTITY[sdk=iphoneos*]" = "iPhone Developer";
				COPY_PHASE_STRIP = YES;
				GCC_C_LANGUAGE_STANDARD = gnu99;
				GCC_WARN_ABOUT_RETURN_TYPE = YES;
				GCC_WARN_UNINITIALIZED_AUTOS = YES;
				GCC_WARN_UNUSED_VARIABLE = YES;
				IPHONEOS_DEPLOYMENT_TARGET = 6.0;
				OTHER_CFLAGS = "-DNS_BLOCK_ASSERTIONS=1";
				SDKROOT = iphoneos;
				VALIDATE_PRODUCT = YES;
			};
			name = Release;
		};
		CEAC7772171C381F00392421 /* Debug */ = {
			isa = XCBuildConfiguration;
			buildSettings = {
				GCC_PRECOMPILE_PREFIX_HEADER = YES;
				GCC_PREFIX_HEADER = "ContactListDemo/ContactListSortDemo-Prefix.pch";
				INFOPLIST_FILE = "ContactListDemo/ContactListSortDemo-Info.plist";
				PRODUCT_NAME = ContactListSortDemo;
				WRAPPER_EXTENSION = app;
			};
			name = Debug;
		};
		CEAC7773171C381F00392421 /* Release */ = {
			isa = XCBuildConfiguration;
			buildSettings = {
				GCC_PRECOMPILE_PREFIX_HEADER = YES;
				GCC_PREFIX_HEADER = "ContactListDemo/ContactListSortDemo-Prefix.pch";
				INFOPLIST_FILE = "ContactListDemo/ContactListSortDemo-Info.plist";
				PRODUCT_NAME = ContactListSortDemo;
				WRAPPER_EXTENSION = app;
			};
			name = Release;
		};
/* End XCBuildConfiguration section */

/* Begin XCConfigurationList section */
		CEAC7747171C381E00392421 /* Build configuration list for PBXProject "ContactListSortDemo" */ = {
			isa = XCConfigurationList;
			buildConfigurations = (
				CEAC776F171C381F00392421 /* Debug */,
				CEAC7770171C381F00392421 /* Release */,
			);
			defaultConfigurationIsVisible = 0;
			defaultConfigurationName = Release;
		};
		CEAC7771171C381F00392421 /* Build configuration list for PBXNativeTarget "ContactListSortDemo" */ = {
			isa = XCConfigurationList;
			buildConfigurations = (
				CEAC7772171C381F00392421 /* Debug */,
				CEAC7773171C381F00392421 /* Release */,
			);
			defaultConfigurationIsVisible = 0;
		};
/* End XCConfigurationList section */
	};
	rootObject = CEAC7744171C381E00392421 /* Project object */;
}
